// !$*UTF8*$!
{
	archiveVersion = 1;
	classes = {
	};
	objectVersion = 56;
	objects = {

/* Begin PBXBuildFile section */
		4ABAE5D92AE1C91200CC75AA /* AirbnbCloneApp.swift in Sources */ = {isa = PBXBuildFile; fileRef = 4ABAE5D82AE1C91200CC75AA /* AirbnbCloneApp.swift */; };
		4ABAE5DB2AE1C91200CC75AA /* ContentView.swift in Sources */ = {isa = PBXBuildFile; fileRef = 4ABAE5DA2AE1C91200CC75AA /* ContentView.swift */; };
		4ABAE5DD2AE1C91200CC75AA /* Assets.xcassets in Resources */ = {isa = PBXBuildFile; fileRef = 4ABAE5DC2AE1C91200CC75AA /* Assets.xcassets */; };
		4ABAE5E02AE1C91200CC75AA /* Preview Assets.xcassets in Resources */ = {isa = PBXBuildFile; fileRef = 4ABAE5DF2AE1C91200CC75AA /* Preview Assets.xcassets */; };
		4ABB85562AE6A05C00086B9A /* ExploreView.swift in Sources */ = {isa = PBXBuildFile; fileRef = 4ABB85552AE6A05C00086B9A /* ExploreView.swift */; };
		4ABB85582AE6A53400086B9A /* ListingItemView.swift in Sources */ = {isa = PBXBuildFile; fileRef = 4ABB85572AE6A53400086B9A /* ListingItemView.swift */; };
		4ABB855A2AE6AC0800086B9A /* SearchAndFilterBar.swift in Sources */ = {isa = PBXBuildFile; fileRef = 4ABB85592AE6AC0800086B9A /* SearchAndFilterBar.swift */; };
		4ABB855C2AE6B70C00086B9A /* ListingDetailView.swift in Sources */ = {isa = PBXBuildFile; fileRef = 4ABB855B2AE6B70C00086B9A /* ListingDetailView.swift */; };
		4ABB855F2AE6B7C100086B9A /* ListingImageCarouselView.swift in Sources */ = {isa = PBXBuildFile; fileRef = 4ABB855E2AE6B7C100086B9A /* ListingImageCarouselView.swift */; };
		4ABB85952AE7D5F000086B9A /* DestinationSearchView.swift in Sources */ = {isa = PBXBuildFile; fileRef = 4ABB85942AE7D5F000086B9A /* DestinationSearchView.swift */; };
		4ABB85972AE7F33A00086B9A /* ProfileView.swift in Sources */ = {isa = PBXBuildFile; fileRef = 4ABB85962AE7F33A00086B9A /* ProfileView.swift */; };
		4ABB85992AE9304E00086B9A /* ProfileOptionRowView.swift in Sources */ = {isa = PBXBuildFile; fileRef = 4ABB85982AE9304E00086B9A /* ProfileOptionRowView.swift */; };
		4ABB859B2AE9325A00086B9A /* WishlistsView.swift in Sources */ = {isa = PBXBuildFile; fileRef = 4ABB859A2AE9325A00086B9A /* WishlistsView.swift */; };
		4ABB859D2AE9344100086B9A /* MainTabView.swift in Sources */ = {isa = PBXBuildFile; fileRef = 4ABB859C2AE9344100086B9A /* MainTabView.swift */; };
		4ABB85A12AE939B400086B9A /* Listing.swift in Sources */ = {isa = PBXBuildFile; fileRef = 4ABB85A02AE939B400086B9A /* Listing.swift */; };
		4ABB85A32AE93F6600086B9A /* DeveloperPreview.swift in Sources */ = {isa = PBXBuildFile; fileRef = 4ABB85A22AE93F6600086B9A /* DeveloperPreview.swift */; };
		4ABB85AA2AE941ED00086B9A /* ExploreViewModel.swift in Sources */ = {isa = PBXBuildFile; fileRef = 4ABB85A92AE941ED00086B9A /* ExploreViewModel.swift */; };
		4ABB85AC2AE9425D00086B9A /* ExploreService.swift in Sources */ = {isa = PBXBuildFile; fileRef = 4ABB85AB2AE9425D00086B9A /* ExploreService.swift */; };
		4ABB85AE2AE9523E00086B9A /* Regions.swift in Sources */ = {isa = PBXBuildFile; fileRef = 4ABB85AD2AE9523E00086B9A /* Regions.swift */; };
/* End PBXBuildFile section */

/* Begin PBXFileReference section */
		4ABAE5D52AE1C91200CC75AA /* AirbnbClone.app */ = {isa = PBXFileReference; explicitFileType = wrapper.application; includeInIndex = 0; path = AirbnbClone.app; sourceTree = BUILT_PRODUCTS_DIR; };
		4ABAE5D82AE1C91200CC75AA /* AirbnbCloneApp.swift */ = {isa = PBXFileReference; lastKnownFileType = sourcecode.swift; path = AirbnbCloneApp.swift; sourceTree = "<group>"; };
		4ABAE5DA2AE1C91200CC75AA /* ContentView.swift */ = {isa = PBXFileReference; lastKnownFileType = sourcecode.swift; path = ContentView.swift; sourceTree = "<group>"; };
		4ABAE5DC2AE1C91200CC75AA /* Assets.xcassets */ = {isa = PBXFileReference; lastKnownFileType = folder.assetcatalog; path = Assets.xcassets; sourceTree = "<group>"; };
		4ABAE5DF2AE1C91200CC75AA /* Preview Assets.xcassets */ = {isa = PBXFileReference; lastKnownFileType = folder.assetcatalog; path = "Preview Assets.xcassets"; sourceTree = "<group>"; };
		4ABB85552AE6A05C00086B9A /* ExploreView.swift */ = {isa = PBXFileReference; lastKnownFileType = sourcecode.swift; path = ExploreView.swift; sourceTree = "<group>"; };
		4ABB85572AE6A53400086B9A /* ListingItemView.swift */ = {isa = PBXFileReference; lastKnownFileType = sourcecode.swift; path = ListingItemView.swift; sourceTree = "<group>"; };
		4ABB85592AE6AC0800086B9A /* SearchAndFilterBar.swift */ = {isa = PBXFileReference; lastKnownFileType = sourcecode.swift; path = SearchAndFilterBar.swift; sourceTree = "<group>"; };
		4ABB855B2AE6B70C00086B9A /* ListingDetailView.swift */ = {isa = PBXFileReference; lastKnownFileType = sourcecode.swift; path = ListingDetailView.swift; sourceTree = "<group>"; };
		4ABB855E2AE6B7C100086B9A /* ListingImageCarouselView.swift */ = {isa = PBXFileReference; lastKnownFileType = sourcecode.swift; path = ListingImageCarouselView.swift; sourceTree = "<group>"; };
		4ABB85942AE7D5F000086B9A /* DestinationSearchView.swift */ = {isa = PBXFileReference; lastKnownFileType = sourcecode.swift; path = DestinationSearchView.swift; sourceTree = "<group>"; };
		4ABB85962AE7F33A00086B9A /* ProfileView.swift */ = {isa = PBXFileReference; lastKnownFileType = sourcecode.swift; path = ProfileView.swift; sourceTree = "<group>"; };
		4ABB85982AE9304E00086B9A /* ProfileOptionRowView.swift */ = {isa = PBXFileReference; lastKnownFileType = sourcecode.swift; path = ProfileOptionRowView.swift; sourceTree = "<group>"; };
		4ABB859A2AE9325A00086B9A /* WishlistsView.swift */ = {isa = PBXFileReference; lastKnownFileType = sourcecode.swift; path = WishlistsView.swift; sourceTree = "<group>"; };
		4ABB859C2AE9344100086B9A /* MainTabView.swift */ = {isa = PBXFileReference; lastKnownFileType = sourcecode.swift; path = MainTabView.swift; sourceTree = "<group>"; };
		4ABB85A02AE939B400086B9A /* Listing.swift */ = {isa = PBXFileReference; lastKnownFileType = sourcecode.swift; path = Listing.swift; sourceTree = "<group>"; };
		4ABB85A22AE93F6600086B9A /* DeveloperPreview.swift */ = {isa = PBXFileReference; lastKnownFileType = sourcecode.swift; path = DeveloperPreview.swift; sourceTree = "<group>"; };
		4ABB85A92AE941ED00086B9A /* ExploreViewModel.swift */ = {isa = PBXFileReference; lastKnownFileType = sourcecode.swift; path = ExploreViewModel.swift; sourceTree = "<group>"; };
		4ABB85AB2AE9425D00086B9A /* ExploreService.swift */ = {isa = PBXFileReference; lastKnownFileType = sourcecode.swift; path = ExploreService.swift; sourceTree = "<group>"; };
		4ABB85AD2AE9523E00086B9A /* Regions.swift */ = {isa = PBXFileReference; lastKnownFileType = sourcecode.swift; path = Regions.swift; sourceTree = "<group>"; };
/* End PBXFileReference section */

/* Begin PBXFrameworksBuildPhase section */
		4ABAE5D22AE1C91200CC75AA /* Frameworks */ = {
			isa = PBXFrameworksBuildPhase;
			buildActionMask = 2147483647;
			files = (
			);
			runOnlyForDeploymentPostprocessing = 0;
		};
/* End PBXFrameworksBuildPhase section */

/* Begin PBXGroup section */
		4ABAE5CC2AE1C91200CC75AA = {
			isa = PBXGroup;
			children = (
				4ABAE5D72AE1C91200CC75AA /* AirbnbClone */,
				4ABAE5D62AE1C91200CC75AA /* Products */,
			);
			sourceTree = "<group>";
		};
		4ABAE5D62AE1C91200CC75AA /* Products */ = {
			isa = PBXGroup;
			children = (
				4ABAE5D52AE1C91200CC75AA /* AirbnbClone.app */,
			);
			name = Products;
			sourceTree = "<group>";
		};
		4ABAE5D72AE1C91200CC75AA /* AirbnbClone */ = {
			isa = PBXGroup;
			children = (
				4ABB854C2AE69EA000086B9A /* App */,
				4ABB854B2AE69E9700086B9A /* Core */,
				4ABB854A2AE69E9500086B9A /* Extensions */,
				4ABB85492AE69E8B00086B9A /* Models */,
				4ABB854D2AE69EE900086B9A /* Utils */,
				4ABAE5DA2AE1C91200CC75AA /* ContentView.swift */,
				4ABAE5DC2AE1C91200CC75AA /* Assets.xcassets */,
				4ABAE5DE2AE1C91200CC75AA /* Preview Content */,
			);
			path = AirbnbClone;
			sourceTree = "<group>";
		};
		4ABAE5DE2AE1C91200CC75AA /* Preview Content */ = {
			isa = PBXGroup;
			children = (
				4ABAE5DF2AE1C91200CC75AA /* Preview Assets.xcassets */,
			);
			path = "Preview Content";
			sourceTree = "<group>";
		};
		4ABB85492AE69E8B00086B9A /* Models */ = {
			isa = PBXGroup;
			children = (
			);
			path = Models;
			sourceTree = "<group>";
		};
		4ABB854A2AE69E9500086B9A /* Extensions */ = {
			isa = PBXGroup;
			children = (
				4ABB85A22AE93F6600086B9A /* DeveloperPreview.swift */,
				4ABB85AD2AE9523E00086B9A /* Regions.swift */,
			);
			path = Extensions;
			sourceTree = "<group>";
		};
		4ABB854B2AE69E9700086B9A /* Core */ = {
			isa = PBXGroup;
			children = (
				4ABB855D2AE6B79800086B9A /* Components */,
				4ABB85542AE69F8500086B9A /* Explore */,
				4ABB85532AE69F8300086B9A /* Listings */,
				4ABB85522AE69F8100086B9A /* MapView */,
				4ABB85512AE69F7E00086B9A /* Profile */,
				4ABB85502AE69F7C00086B9A /* Root */,
				4ABB854F2AE69F7A00086B9A /* TabBar */,
				4ABB854E2AE69F7800086B9A /* Wishlists */,
			);
			path = Core;
			sourceTree = "<group>";
		};
		4ABB854C2AE69EA000086B9A /* App */ = {
			isa = PBXGroup;
			children = (
				4ABAE5D82AE1C91200CC75AA /* AirbnbCloneApp.swift */,
			);
			path = App;
			sourceTree = "<group>";
		};
		4ABB854D2AE69EE900086B9A /* Utils */ = {
			isa = PBXGroup;
			children = (
			);
			path = Utils;
			sourceTree = "<group>";
		};
		4ABB854E2AE69F7800086B9A /* Wishlists */ = {
			isa = PBXGroup;
			children = (
				4ABB859A2AE9325A00086B9A /* WishlistsView.swift */,
			);
			path = Wishlists;
			sourceTree = "<group>";
		};
		4ABB854F2AE69F7A00086B9A /* TabBar */ = {
			isa = PBXGroup;
			children = (
				4ABB859C2AE9344100086B9A /* MainTabView.swift */,
			);
			path = TabBar;
			sourceTree = "<group>";
		};
		4ABB85502AE69F7C00086B9A /* Root */ = {
			isa = PBXGroup;
			children = (
			);
			path = Root;
			sourceTree = "<group>";
		};
		4ABB85512AE69F7E00086B9A /* Profile */ = {
			isa = PBXGroup;
			children = (
				4ABB85962AE7F33A00086B9A /* ProfileView.swift */,
				4ABB85982AE9304E00086B9A /* ProfileOptionRowView.swift */,
			);
			path = Profile;
			sourceTree = "<group>";
		};
		4ABB85522AE69F8100086B9A /* MapView */ = {
			isa = PBXGroup;
			children = (
			);
			path = MapView;
			sourceTree = "<group>";
		};
		4ABB85532AE69F8300086B9A /* Listings */ = {
			isa = PBXGroup;
			children = (
				4ABB859F2AE9399400086B9A /* Model */,
				4ABB859E2AE9398400086B9A /* View */,
			);
			path = Listings;
			sourceTree = "<group>";
		};
		4ABB85542AE69F8500086B9A /* Explore */ = {
			isa = PBXGroup;
			children = (
				4ABB85A82AE941C200086B9A /* Service */,
				4ABB85A72AE941C000086B9A /* View */,
				4ABB85A42AE941B800086B9A /* ViewModel */,
			);
			path = Explore;
			sourceTree = "<group>";
		};
		4ABB855D2AE6B79800086B9A /* Components */ = {
			isa = PBXGroup;
			children = (
				4ABB855E2AE6B7C100086B9A /* ListingImageCarouselView.swift */,
			);
			path = Components;
			sourceTree = "<group>";
		};
		4ABB859E2AE9398400086B9A /* View */ = {
			isa = PBXGroup;
			children = (
				4ABB85572AE6A53400086B9A /* ListingItemView.swift */,
				4ABB855B2AE6B70C00086B9A /* ListingDetailView.swift */,
			);
			path = View;
			sourceTree = "<group>";
		};
		4ABB859F2AE9399400086B9A /* Model */ = {
			isa = PBXGroup;
			children = (
				4ABB85A02AE939B400086B9A /* Listing.swift */,
			);
			path = Model;
			sourceTree = "<group>";
		};
		4ABB85A42AE941B800086B9A /* ViewModel */ = {
			isa = PBXGroup;
			children = (
				4ABB85A92AE941ED00086B9A /* ExploreViewModel.swift */,
			);
			path = ViewModel;
			sourceTree = "<group>";
		};
		4ABB85A72AE941C000086B9A /* View */ = {
			isa = PBXGroup;
			children = (
				4ABB85552AE6A05C00086B9A /* ExploreView.swift */,
				4ABB85592AE6AC0800086B9A /* SearchAndFilterBar.swift */,
				4ABB85942AE7D5F000086B9A /* DestinationSearchView.swift */,
			);
			path = View;
			sourceTree = "<group>";
		};
		4ABB85A82AE941C200086B9A /* Service */ = {
			isa = PBXGroup;
			children = (
				4ABB85AB2AE9425D00086B9A /* ExploreService.swift */,
			);
			path = Service;
			sourceTree = "<group>";
		};
/* End PBXGroup section */

/* Begin PBXNativeTarget section */
		4ABAE5D42AE1C91200CC75AA /* AirbnbClone */ = {
			isa = PBXNativeTarget;
			buildConfigurationList = 4ABAE5E32AE1C91200CC75AA /* Build configuration list for PBXNativeTarget "AirbnbClone" */;
			buildPhases = (
				4ABAE5D12AE1C91200CC75AA /* Sources */,
				4ABAE5D22AE1C91200CC75AA /* Frameworks */,
				4ABAE5D32AE1C91200CC75AA /* Resources */,
			);
			buildRules = (
			);
			dependencies = (
			);
			name = AirbnbClone;
			productName = AirbnbClone;
			productReference = 4ABAE5D52AE1C91200CC75AA /* AirbnbClone.app */;
			productType = "com.apple.product-type.application";
		};
/* End PBXNativeTarget section */

/* Begin PBXProject section */
		4ABAE5CD2AE1C91200CC75AA /* Project object */ = {
			isa = PBXProject;
			attributes = {
				BuildIndependentTargetsInParallel = 1;
				LastSwiftUpdateCheck = 1500;
				LastUpgradeCheck = 1500;
				TargetAttributes = {
					4ABAE5D42AE1C91200CC75AA = {
						CreatedOnToolsVersion = 15.0;
					};
				};
			};
			buildConfigurationList = 4ABAE5D02AE1C91200CC75AA /* Build configuration list for PBXProject "AirbnbClone" */;
			compatibilityVersion = "Xcode 14.0";
			developmentRegion = en;
			hasScannedForEncodings = 0;
			knownRegions = (
				en,
				Base,
			);
			mainGroup = 4ABAE5CC2AE1C91200CC75AA;
			productRefGroup = 4ABAE5D62AE1C91200CC75AA /* Products */;
			projectDirPath = "";
			projectRoot = "";
			targets = (
				4ABAE5D42AE1C91200CC75AA /* AirbnbClone */,
			);
		};
/* End PBXProject section */

/* Begin PBXResourcesBuildPhase section */
		4ABAE5D32AE1C91200CC75AA /* Resources */ = {
			isa = PBXResourcesBuildPhase;
			buildActionMask = 2147483647;
			files = (
				4ABAE5E02AE1C91200CC75AA /* Preview Assets.xcassets in Resources */,
				4ABAE5DD2AE1C91200CC75AA /* Assets.xcassets in Resources */,
			);
			runOnlyForDeploymentPostprocessing = 0;
		};
/* End PBXResourcesBuildPhase section */

/* Begin PBXSourcesBuildPhase section */
		4ABAE5D12AE1C91200CC75AA /* Sources */ = {
			isa = PBXSourcesBuildPhase;
			buildActionMask = 2147483647;
			files = (
				4ABB855F2AE6B7C100086B9A /* ListingImageCarouselView.swift in Sources */,
				4ABB85972AE7F33A00086B9A /* ProfileView.swift in Sources */,
				4ABB85992AE9304E00086B9A /* ProfileOptionRowView.swift in Sources */,
				4ABB85952AE7D5F000086B9A /* DestinationSearchView.swift in Sources */,
				4ABAE5DB2AE1C91200CC75AA /* ContentView.swift in Sources */,
				4ABB85582AE6A53400086B9A /* ListingItemView.swift in Sources */,
				4ABB85AA2AE941ED00086B9A /* ExploreViewModel.swift in Sources */,
				4ABB85AE2AE9523E00086B9A /* Regions.swift in Sources */,
				4ABB859B2AE9325A00086B9A /* WishlistsView.swift in Sources */,
				4ABB85A12AE939B400086B9A /* Listing.swift in Sources */,
				4ABB85562AE6A05C00086B9A /* ExploreView.swift in Sources */,
				4ABB855A2AE6AC0800086B9A /* SearchAndFilterBar.swift in Sources */,
				4ABB855C2AE6B70C00086B9A /* ListingDetailView.swift in Sources */,
				4ABAE5D92AE1C91200CC75AA /* AirbnbCloneApp.swift in Sources */,
				4ABB859D2AE9344100086B9A /* MainTabView.swift in Sources */,
				4ABB85A32AE93F6600086B9A /* DeveloperPreview.swift in Sources */,
				4ABB85AC2AE9425D00086B9A /* ExploreService.swift in Sources */,
			);
			runOnlyForDeploymentPostprocessing = 0;
		};
/* End PBXSourcesBuildPhase section */

/* Begin XCBuildConfiguration section */
		4ABAE5E12AE1C91200CC75AA /* Debug */ = {
			isa = XCBuildConfiguration;
			buildSettings = {
				ALWAYS_SEARCH_USER_PATHS = NO;
				ASSETCATALOG_COMPILER_GENERATE_SWIFT_ASSET_SYMBOL_EXTENSIONS = YES;
				CLANG_ANALYZER_NONNULL = YES;
				CLANG_ANALYZER_NUMBER_OBJECT_CONVERSION = YES_AGGRESSIVE;
				CLANG_CXX_LANGUAGE_STANDARD = "gnu++20";
				CLANG_ENABLE_MODULES = YES;
				CLANG_ENABLE_OBJC_ARC = YES;
				CLANG_ENABLE_OBJC_WEAK = YES;
				CLANG_WARN_BLOCK_CAPTURE_AUTORELEASING = YES;
				CLANG_WARN_BOOL_CONVERSION = YES;
				CLANG_WARN_COMMA = YES;
				CLANG_WARN_CONSTANT_CONVERSION = YES;
				CLANG_WARN_DEPRECATED_OBJC_IMPLEMENTATIONS = YES;
				CLANG_WARN_DIRECT_OBJC_ISA_USAGE = YES_ERROR;
				CLANG_WARN_DOCUMENTATION_COMMENTS = YES;
				CLANG_WARN_EMPTY_BODY = YES;
				CLANG_WARN_ENUM_CONVERSION = YES;
				CLANG_WARN_INFINITE_RECURSION = YES;
				CLANG_WARN_INT_CONVERSION = YES;
				CLANG_WARN_NON_LITERAL_NULL_CONVERSION = YES;
				CLANG_WARN_OBJC_IMPLICIT_RETAIN_SELF = YES;
				CLANG_WARN_OBJC_LITERAL_CONVERSION = YES;
				CLANG_WARN_OBJC_ROOT_CLASS = YES_ERROR;
				CLANG_WARN_QUOTED_INCLUDE_IN_FRAMEWORK_HEADER = YES;
				CLANG_WARN_RANGE_LOOP_ANALYSIS = YES;
				CLANG_WARN_STRICT_PROTOTYPES = YES;
				CLANG_WARN_SUSPICIOUS_MOVE = YES;
				CLANG_WARN_UNGUARDED_AVAILABILITY = YES_AGGRESSIVE;
				CLANG_WARN_UNREACHABLE_CODE = YES;
				CLANG_WARN__DUPLICATE_METHOD_MATCH = YES;
				COPY_PHASE_STRIP = NO;
				DEBUG_INFORMATION_FORMAT = dwarf;
				ENABLE_STRICT_OBJC_MSGSEND = YES;
				ENABLE_TESTABILITY = YES;
				ENABLE_USER_SCRIPT_SANDBOXING = YES;
				GCC_C_LANGUAGE_STANDARD = gnu17;
				GCC_DYNAMIC_NO_PIC = NO;
				GCC_NO_COMMON_BLOCKS = YES;
				GCC_OPTIMIZATION_LEVEL = 0;
				GCC_PREPROCESSOR_DEFINITIONS = (
					"DEBUG=1",
					"$(inherited)",
				);
				GCC_WARN_64_TO_32_BIT_CONVERSION = YES;
				GCC_WARN_ABOUT_RETURN_TYPE = YES_ERROR;
				GCC_WARN_UNDECLARED_SELECTOR = YES;
				GCC_WARN_UNINITIALIZED_AUTOS = YES_AGGRESSIVE;
				GCC_WARN_UNUSED_FUNCTION = YES;
				GCC_WARN_UNUSED_VARIABLE = YES;
				IPHONEOS_DEPLOYMENT_TARGET = 17.0;
				LOCALIZATION_PREFERS_STRING_CATALOGS = YES;
				MTL_ENABLE_DEBUG_INFO = INCLUDE_SOURCE;
				MTL_FAST_MATH = YES;
				ONLY_ACTIVE_ARCH = YES;
				SDKROOT = iphoneos;
				SWIFT_ACTIVE_COMPILATION_CONDITIONS = "DEBUG $(inherited)";
				SWIFT_OPTIMIZATION_LEVEL = "-Onone";
			};
			name = Debug;
		};
		4ABAE5E22AE1C91200CC75AA /* Release */ = {
			isa = XCBuildConfiguration;
			buildSettings = {
				ALWAYS_SEARCH_USER_PATHS = NO;
				ASSETCATALOG_COMPILER_GENERATE_SWIFT_ASSET_SYMBOL_EXTENSIONS = YES;
				CLANG_ANALYZER_NONNULL = YES;
				CLANG_ANALYZER_NUMBER_OBJECT_CONVERSION = YES_AGGRESSIVE;
				CLANG_CXX_LANGUAGE_STANDARD = "gnu++20";
				CLANG_ENABLE_MODULES = YES;
				CLANG_ENABLE_OBJC_ARC = YES;
				CLANG_ENABLE_OBJC_WEAK = YES;
				CLANG_WARN_BLOCK_CAPTURE_AUTORELEASING = YES;
				CLANG_WARN_BOOL_CONVERSION = YES;
				CLANG_WARN_COMMA = YES;
				CLANG_WARN_CONSTANT_CONVERSION = YES;
				CLANG_WARN_DEPRECATED_OBJC_IMPLEMENTATIONS = YES;
				CLANG_WARN_DIRECT_OBJC_ISA_USAGE = YES_ERROR;
				CLANG_WARN_DOCUMENTATION_COMMENTS = YES;
				CLANG_WARN_EMPTY_BODY = YES;
				CLANG_WARN_ENUM_CONVERSION = YES;
				CLANG_WARN_INFINITE_RECURSION = YES;
				CLANG_WARN_INT_CONVERSION = YES;
				CLANG_WARN_NON_LITERAL_NULL_CONVERSION = YES;
				CLANG_WARN_OBJC_IMPLICIT_RETAIN_SELF = YES;
				CLANG_WARN_OBJC_LITERAL_CONVERSION = YES;
				CLANG_WARN_OBJC_ROOT_CLASS = YES_ERROR;
				CLANG_WARN_QUOTED_INCLUDE_IN_FRAMEWORK_HEADER = YES;
				CLANG_WARN_RANGE_LOOP_ANALYSIS = YES;
				CLANG_WARN_STRICT_PROTOTYPES = YES;
				CLANG_WARN_SUSPICIOUS_MOVE = YES;
				CLANG_WARN_UNGUARDED_AVAILABILITY = YES_AGGRESSIVE;
				CLANG_WARN_UNREACHABLE_CODE = YES;
				CLANG_WARN__DUPLICATE_METHOD_MATCH = YES;
				COPY_PHASE_STRIP = NO;
				DEBUG_INFORMATION_FORMAT = "dwarf-with-dsym";
				ENABLE_NS_ASSERTIONS = NO;
				ENABLE_STRICT_OBJC_MSGSEND = YES;
				ENABLE_USER_SCRIPT_SANDBOXING = YES;
				GCC_C_LANGUAGE_STANDARD = gnu17;
				GCC_NO_COMMON_BLOCKS = YES;
				GCC_WARN_64_TO_32_BIT_CONVERSION = YES;
				GCC_WARN_ABOUT_RETURN_TYPE = YES_ERROR;
				GCC_WARN_UNDECLARED_SELECTOR = YES;
				GCC_WARN_UNINITIALIZED_AUTOS = YES_AGGRESSIVE;
				GCC_WARN_UNUSED_FUNCTION = YES;
				GCC_WARN_UNUSED_VARIABLE = YES;
				IPHONEOS_DEPLOYMENT_TARGET = 17.0;
				LOCALIZATION_PREFERS_STRING_CATALOGS = YES;
				MTL_ENABLE_DEBUG_INFO = NO;
				MTL_FAST_MATH = YES;
				SDKROOT = iphoneos;
				SWIFT_COMPILATION_MODE = wholemodule;
				VALIDATE_PRODUCT = YES;
			};
			name = Release;
		};
		4ABAE5E42AE1C91200CC75AA /* Debug */ = {
			isa = XCBuildConfiguration;
			buildSettings = {
				ASSETCATALOG_COMPILER_APPICON_NAME = AppIcon;
				ASSETCATALOG_COMPILER_GLOBAL_ACCENT_COLOR_NAME = AccentColor;
				CODE_SIGN_STYLE = Automatic;
				CURRENT_PROJECT_VERSION = 1;
				DEVELOPMENT_ASSET_PATHS = "\"AirbnbClone/Preview Content\"";
				ENABLE_PREVIEWS = YES;
				GENERATE_INFOPLIST_FILE = YES;
				INFOPLIST_KEY_UIApplicationSceneManifest_Generation = YES;
				INFOPLIST_KEY_UIApplicationSupportsIndirectInputEvents = YES;
				INFOPLIST_KEY_UILaunchScreen_Generation = YES;
				INFOPLIST_KEY_UISupportedInterfaceOrientations_iPad = "UIInterfaceOrientationPortrait UIInterfaceOrientationPortraitUpsideDown UIInterfaceOrientationLandscapeLeft UIInterfaceOrientationLandscapeRight";
				INFOPLIST_KEY_UISupportedInterfaceOrientations_iPhone = "UIInterfaceOrientationPortrait UIInterfaceOrientationLandscapeLeft UIInterfaceOrientationLandscapeRight";
				LD_RUNPATH_SEARCH_PATHS = (
					"$(inherited)",
					"@executable_path/Frameworks",
				);
				MARKETING_VERSION = 1.0;
				PRODUCT_BUNDLE_IDENTIFIER = com.yetsdmr.AirbnbClone;
				PRODUCT_NAME = "$(TARGET_NAME)";
				SWIFT_EMIT_LOC_STRINGS = YES;
				SWIFT_VERSION = 5.0;
				TARGETED_DEVICE_FAMILY = "1,2";
			};
			name = Debug;
		};
		4ABAE5E52AE1C91200CC75AA /* Release */ = {
			isa = XCBuildConfiguration;
			buildSettings = {
				ASSETCATALOG_COMPILER_APPICON_NAME = AppIcon;
				ASSETCATALOG_COMPILER_GLOBAL_ACCENT_COLOR_NAME = AccentColor;
				CODE_SIGN_STYLE = Automatic;
				CURRENT_PROJECT_VERSION = 1;
				DEVELOPMENT_ASSET_PATHS = "\"AirbnbClone/Preview Content\"";
				ENABLE_PREVIEWS = YES;
				GENERATE_INFOPLIST_FILE = YES;
				INFOPLIST_KEY_UIApplicationSceneManifest_Generation = YES;
				INFOPLIST_KEY_UIApplicationSupportsIndirectInputEvents = YES;
				INFOPLIST_KEY_UILaunchScreen_Generation = YES;
				INFOPLIST_KEY_UISupportedInterfaceOrientations_iPad = "UIInterfaceOrientationPortrait UIInterfaceOrientationPortraitUpsideDown UIInterfaceOrientationLandscapeLeft UIInterfaceOrientationLandscapeRight";
				INFOPLIST_KEY_UISupportedInterfaceOrientations_iPhone = "UIInterfaceOrientationPortrait UIInterfaceOrientationLandscapeLeft UIInterfaceOrientationLandscapeRight";
				LD_RUNPATH_SEARCH_PATHS = (
					"$(inherited)",
					"@executable_path/Frameworks",
				);
				MARKETING_VERSION = 1.0;
				PRODUCT_BUNDLE_IDENTIFIER = com.yetsdmr.AirbnbClone;
				PRODUCT_NAME = "$(TARGET_NAME)";
				SWIFT_EMIT_LOC_STRINGS = YES;
				SWIFT_VERSION = 5.0;
				TARGETED_DEVICE_FAMILY = "1,2";
			};
			name = Release;
		};
/* End XCBuildConfiguration section */

/* Begin XCConfigurationList section */
		4ABAE5D02AE1C91200CC75AA /* Build configuration list for PBXProject "AirbnbClone" */ = {
			isa = XCConfigurationList;
			buildConfigurations = (
				4ABAE5E12AE1C91200CC75AA /* Debug */,
				4ABAE5E22AE1C91200CC75AA /* Release */,
			);
			defaultConfigurationIsVisible = 0;
			defaultConfigurationName = Release;
		};
		4ABAE5E32AE1C91200CC75AA /* Build configuration list for PBXNativeTarget "AirbnbClone" */ = {
			isa = XCConfigurationList;
			buildConfigurations = (
				4ABAE5E42AE1C91200CC75AA /* Debug */,
				4ABAE5E52AE1C91200CC75AA /* Release */,
			);
			defaultConfigurationIsVisible = 0;
			defaultConfigurationName = Release;
		};
/* End XCConfigurationList section */
	};
	rootObject = 4ABAE5CD2AE1C91200CC75AA /* Project object */;
}
